// !$*UTF8*$!
{
	archiveVersion = 1;
	classes = {
	};
	objectVersion = 50;
	objects = {

/* Begin PBXBuildFile section */
		34052E922383DD9700F6E044 /* AppDelegate.swift in Sources */ = {isa = PBXBuildFile; fileRef = 34052E912383DD9700F6E044 /* AppDelegate.swift */; };
		34052E942383DD9700F6E044 /* SceneDelegate.swift in Sources */ = {isa = PBXBuildFile; fileRef = 34052E932383DD9700F6E044 /* SceneDelegate.swift */; };
		34052E962383DD9700F6E044 /* ContentView.swift in Sources */ = {isa = PBXBuildFile; fileRef = 34052E952383DD9700F6E044 /* ContentView.swift */; };
		34052E982383DD9900F6E044 /* Assets.xcassets in Resources */ = {isa = PBXBuildFile; fileRef = 34052E972383DD9900F6E044 /* Assets.xcassets */; };
		34052E9B2383DD9900F6E044 /* Preview Assets.xcassets in Resources */ = {isa = PBXBuildFile; fileRef = 34052E9A2383DD9900F6E044 /* Preview Assets.xcassets */; };
		34052E9E2383DD9900F6E044 /* LaunchScreen.storyboard in Resources */ = {isa = PBXBuildFile; fileRef = 34052E9C2383DD9900F6E044 /* LaunchScreen.storyboard */; };
		34052EA92383DD9900F6E044 /* MobileSwiftProjectTests.swift in Sources */ = {isa = PBXBuildFile; fileRef = 34052EA82383DD9900F6E044 /* MobileSwiftProjectTests.swift */; };
		34052EB42383DD9900F6E044 /* MobileSwiftProjectUITests.swift in Sources */ = {isa = PBXBuildFile; fileRef = 34052EB32383DD9900F6E044 /* MobileSwiftProjectUITests.swift */; };
		34052EC52383E86E00F6E044 /* MVPHomeViewController.swift in Sources */ = {isa = PBXBuildFile; fileRef = 34052EC42383E86E00F6E044 /* MVPHomeViewController.swift */; };
		34052EC82383EC8500F6E044 /* MVPHomeTableViewCell.swift in Sources */ = {isa = PBXBuildFile; fileRef = 34052EC72383EC8500F6E044 /* MVPHomeTableViewCell.swift */; };
		340873C52390AA1C00E36C02 /* MVPSnapKitViewController.swift in Sources */ = {isa = PBXBuildFile; fileRef = 340873C42390AA1C00E36C02 /* MVPSnapKitViewController.swift */; };
		341040AA238546D1003AAE57 /* MVPKeyWordViewController.swift in Sources */ = {isa = PBXBuildFile; fileRef = 341040A9238546D1003AAE57 /* MVPKeyWordViewController.swift */; };
		341040AE23854717003AAE57 /* MVPAsHelper.swift in Sources */ = {isa = PBXBuildFile; fileRef = 341040AD23854717003AAE57 /* MVPAsHelper.swift */; };
		345F9143238D1B0800F768D9 /* MVPNotificationCenterHelper.swift in Sources */ = {isa = PBXBuildFile; fileRef = 345F9142238D1B0800F768D9 /* MVPNotificationCenterHelper.swift */; };
		A6E4D8E28C36788644360D8D /* Pods_MobileSwiftProject.framework in Frameworks */ = {isa = PBXBuildFile; fileRef = C5DDDE2BC6A450DFFBB22FB3 /* Pods_MobileSwiftProject.framework */; };
/* End PBXBuildFile section */

/* Begin PBXContainerItemProxy section */
		34052EA52383DD9900F6E044 /* PBXContainerItemProxy */ = {
			isa = PBXContainerItemProxy;
			containerPortal = 34052E862383DD9700F6E044 /* Project object */;
			proxyType = 1;
			remoteGlobalIDString = 34052E8D2383DD9700F6E044;
			remoteInfo = MobileSwiftProject;
		};
		34052EB02383DD9900F6E044 /* PBXContainerItemProxy */ = {
			isa = PBXContainerItemProxy;
			containerPortal = 34052E862383DD9700F6E044 /* Project object */;
			proxyType = 1;
			remoteGlobalIDString = 34052E8D2383DD9700F6E044;
			remoteInfo = MobileSwiftProject;
		};
/* End PBXContainerItemProxy section */

/* Begin PBXFileReference section */
		34052E8E2383DD9700F6E044 /* MobileSwiftProject.app */ = {isa = PBXFileReference; explicitFileType = wrapper.application; includeInIndex = 0; path = MobileSwiftProject.app; sourceTree = BUILT_PRODUCTS_DIR; };
		34052E912383DD9700F6E044 /* AppDelegate.swift */ = {isa = PBXFileReference; lastKnownFileType = sourcecode.swift; path = AppDelegate.swift; sourceTree = "<group>"; };
		34052E932383DD9700F6E044 /* SceneDelegate.swift */ = {isa = PBXFileReference; lastKnownFileType = sourcecode.swift; path = SceneDelegate.swift; sourceTree = "<group>"; };
		34052E952383DD9700F6E044 /* ContentView.swift */ = {isa = PBXFileReference; lastKnownFileType = sourcecode.swift; path = ContentView.swift; sourceTree = "<group>"; };
		34052E972383DD9900F6E044 /* Assets.xcassets */ = {isa = PBXFileReference; lastKnownFileType = folder.assetcatalog; path = Assets.xcassets; sourceTree = "<group>"; };
		34052E9A2383DD9900F6E044 /* Preview Assets.xcassets */ = {isa = PBXFileReference; lastKnownFileType = folder.assetcatalog; path = "Preview Assets.xcassets"; sourceTree = "<group>"; };
		34052E9D2383DD9900F6E044 /* Base */ = {isa = PBXFileReference; lastKnownFileType = file.storyboard; name = Base; path = Base.lproj/LaunchScreen.storyboard; sourceTree = "<group>"; };
		34052E9F2383DD9900F6E044 /* Info.plist */ = {isa = PBXFileReference; lastKnownFileType = text.plist.xml; path = Info.plist; sourceTree = "<group>"; };
		34052EA42383DD9900F6E044 /* MobileSwiftProjectTests.xctest */ = {isa = PBXFileReference; explicitFileType = wrapper.cfbundle; includeInIndex = 0; path = MobileSwiftProjectTests.xctest; sourceTree = BUILT_PRODUCTS_DIR; };
		34052EA82383DD9900F6E044 /* MobileSwiftProjectTests.swift */ = {isa = PBXFileReference; lastKnownFileType = sourcecode.swift; path = MobileSwiftProjectTests.swift; sourceTree = "<group>"; };
		34052EAA2383DD9900F6E044 /* Info.plist */ = {isa = PBXFileReference; lastKnownFileType = text.plist.xml; path = Info.plist; sourceTree = "<group>"; };
		34052EAF2383DD9900F6E044 /* MobileSwiftProjectUITests.xctest */ = {isa = PBXFileReference; explicitFileType = wrapper.cfbundle; includeInIndex = 0; path = MobileSwiftProjectUITests.xctest; sourceTree = BUILT_PRODUCTS_DIR; };
		34052EB32383DD9900F6E044 /* MobileSwiftProjectUITests.swift */ = {isa = PBXFileReference; lastKnownFileType = sourcecode.swift; path = MobileSwiftProjectUITests.swift; sourceTree = "<group>"; };
		34052EB52383DD9900F6E044 /* Info.plist */ = {isa = PBXFileReference; lastKnownFileType = text.plist.xml; path = Info.plist; sourceTree = "<group>"; };
		34052EC42383E86E00F6E044 /* MVPHomeViewController.swift */ = {isa = PBXFileReference; lastKnownFileType = sourcecode.swift; path = MVPHomeViewController.swift; sourceTree = "<group>"; };
		34052EC72383EC8500F6E044 /* MVPHomeTableViewCell.swift */ = {isa = PBXFileReference; lastKnownFileType = sourcecode.swift; path = MVPHomeTableViewCell.swift; sourceTree = "<group>"; };
		340873C42390AA1C00E36C02 /* MVPSnapKitViewController.swift */ = {isa = PBXFileReference; lastKnownFileType = sourcecode.swift; path = MVPSnapKitViewController.swift; sourceTree = "<group>"; };
		341040A9238546D1003AAE57 /* MVPKeyWordViewController.swift */ = {isa = PBXFileReference; lastKnownFileType = sourcecode.swift; path = MVPKeyWordViewController.swift; sourceTree = "<group>"; };
		341040AD23854717003AAE57 /* MVPAsHelper.swift */ = {isa = PBXFileReference; lastKnownFileType = sourcecode.swift; path = MVPAsHelper.swift; sourceTree = "<group>"; };
		345F9142238D1B0800F768D9 /* MVPNotificationCenterHelper.swift */ = {isa = PBXFileReference; lastKnownFileType = sourcecode.swift; path = MVPNotificationCenterHelper.swift; sourceTree = "<group>"; };
		399281005E19D63B90F3DA60 /* Pods-MobileSwiftProject.debug.xcconfig */ = {isa = PBXFileReference; includeInIndex = 1; lastKnownFileType = text.xcconfig; name = "Pods-MobileSwiftProject.debug.xcconfig"; path = "Target Support Files/Pods-MobileSwiftProject/Pods-MobileSwiftProject.debug.xcconfig"; sourceTree = "<group>"; };
		C5DDDE2BC6A450DFFBB22FB3 /* Pods_MobileSwiftProject.framework */ = {isa = PBXFileReference; explicitFileType = wrapper.framework; includeInIndex = 0; path = Pods_MobileSwiftProject.framework; sourceTree = BUILT_PRODUCTS_DIR; };
		CC9216FCE9EA114BD2343309 /* Pods-MobileSwiftProject.release.xcconfig */ = {isa = PBXFileReference; includeInIndex = 1; lastKnownFileType = text.xcconfig; name = "Pods-MobileSwiftProject.release.xcconfig"; path = "Target Support Files/Pods-MobileSwiftProject/Pods-MobileSwiftProject.release.xcconfig"; sourceTree = "<group>"; };
/* End PBXFileReference section */

/* Begin PBXFrameworksBuildPhase section */
		34052E8B2383DD9700F6E044 /* Frameworks */ = {
			isa = PBXFrameworksBuildPhase;
			buildActionMask = 2147483647;
			files = (
				A6E4D8E28C36788644360D8D /* Pods_MobileSwiftProject.framework in Frameworks */,
			);
			runOnlyForDeploymentPostprocessing = 0;
		};
		34052EA12383DD9900F6E044 /* Frameworks */ = {
			isa = PBXFrameworksBuildPhase;
			buildActionMask = 2147483647;
			files = (
			);
			runOnlyForDeploymentPostprocessing = 0;
		};
		34052EAC2383DD9900F6E044 /* Frameworks */ = {
			isa = PBXFrameworksBuildPhase;
			buildActionMask = 2147483647;
			files = (
			);
			runOnlyForDeploymentPostprocessing = 0;
		};
/* End PBXFrameworksBuildPhase section */

/* Begin PBXGroup section */
		34052E852383DD9700F6E044 = {
			isa = PBXGroup;
			children = (
				34052E902383DD9700F6E044 /* MobileSwiftProject */,
				34052EA72383DD9900F6E044 /* MobileSwiftProjectTests */,
				34052EB22383DD9900F6E044 /* MobileSwiftProjectUITests */,
				34052E8F2383DD9700F6E044 /* Products */,
				C68C52323B04190AE145233E /* Pods */,
				9683FE9D3BFB3877670ACAE3 /* Frameworks */,
			);
			sourceTree = "<group>";
		};
		34052E8F2383DD9700F6E044 /* Products */ = {
			isa = PBXGroup;
			children = (
				34052E8E2383DD9700F6E044 /* MobileSwiftProject.app */,
				34052EA42383DD9900F6E044 /* MobileSwiftProjectTests.xctest */,
				34052EAF2383DD9900F6E044 /* MobileSwiftProjectUITests.xctest */,
			);
			name = Products;
			sourceTree = "<group>";
		};
		34052E902383DD9700F6E044 /* MobileSwiftProject */ = {
			isa = PBXGroup;
			children = (
				34052EC32383E12B00F6E044 /* SwiftPlug */,
				34052EC22383DF6800F6E044 /* SwiftClass */,
				34052EC12383DF3000F6E044 /* SwiftUI */,
				34052E912383DD9700F6E044 /* AppDelegate.swift */,
				34052E932383DD9700F6E044 /* SceneDelegate.swift */,
				34052E952383DD9700F6E044 /* ContentView.swift */,
				34052EC42383E86E00F6E044 /* MVPHomeViewController.swift */,
				34052E972383DD9900F6E044 /* Assets.xcassets */,
				34052E9C2383DD9900F6E044 /* LaunchScreen.storyboard */,
				34052E9F2383DD9900F6E044 /* Info.plist */,
				34052E992383DD9900F6E044 /* Preview Content */,
			);
			path = MobileSwiftProject;
			sourceTree = "<group>";
		};
		34052E992383DD9900F6E044 /* Preview Content */ = {
			isa = PBXGroup;
			children = (
				34052E9A2383DD9900F6E044 /* Preview Assets.xcassets */,
			);
			path = "Preview Content";
			sourceTree = "<group>";
		};
		34052EA72383DD9900F6E044 /* MobileSwiftProjectTests */ = {
			isa = PBXGroup;
			children = (
				34052EA82383DD9900F6E044 /* MobileSwiftProjectTests.swift */,
				34052EAA2383DD9900F6E044 /* Info.plist */,
			);
			path = MobileSwiftProjectTests;
			sourceTree = "<group>";
		};
		34052EB22383DD9900F6E044 /* MobileSwiftProjectUITests */ = {
			isa = PBXGroup;
			children = (
				34052EB32383DD9900F6E044 /* MobileSwiftProjectUITests.swift */,
				34052EB52383DD9900F6E044 /* Info.plist */,
			);
			path = MobileSwiftProjectUITests;
			sourceTree = "<group>";
		};
		34052EC12383DF3000F6E044 /* SwiftUI */ = {
			isa = PBXGroup;
			children = (
				34052EC62383EC5200F6E044 /* HomeVCView */,
			);
			path = SwiftUI;
			sourceTree = "<group>";
		};
		34052EC22383DF6800F6E044 /* SwiftClass */ = {
			isa = PBXGroup;
			children = (
				341040AC238546F5003AAE57 /* View */,
				341040AB238546EE003AAE57 /* Other */,
				341040A9238546D1003AAE57 /* MVPKeyWordViewController.swift */,
			);
			path = SwiftClass;
			sourceTree = "<group>";
		};
		34052EC32383E12B00F6E044 /* SwiftPlug */ = {
			isa = PBXGroup;
			children = (
				340873C42390AA1C00E36C02 /* MVPSnapKitViewController.swift */,
			);
			path = SwiftPlug;
			sourceTree = "<group>";
		};
		34052EC62383EC5200F6E044 /* HomeVCView */ = {
			isa = PBXGroup;
			children = (
				34052EC72383EC8500F6E044 /* MVPHomeTableViewCell.swift */,
			);
			path = HomeVCView;
			sourceTree = "<group>";
		};
		341040AB238546EE003AAE57 /* Other */ = {
			isa = PBXGroup;
			children = (
				341040AD23854717003AAE57 /* MVPAsHelper.swift */,
				345F9142238D1B0800F768D9 /* MVPNotificationCenterHelper.swift */,
			);
			path = Other;
			sourceTree = "<group>";
		};
		341040AC238546F5003AAE57 /* View */ = {
			isa = PBXGroup;
			children = (
			);
			path = View;
			sourceTree = "<group>";
		};
		9683FE9D3BFB3877670ACAE3 /* Frameworks */ = {
			isa = PBXGroup;
			children = (
				C5DDDE2BC6A450DFFBB22FB3 /* Pods_MobileSwiftProject.framework */,
			);
			name = Frameworks;
			sourceTree = "<group>";
		};
		C68C52323B04190AE145233E /* Pods */ = {
			isa = PBXGroup;
			children = (
				399281005E19D63B90F3DA60 /* Pods-MobileSwiftProject.debug.xcconfig */,
				CC9216FCE9EA114BD2343309 /* Pods-MobileSwiftProject.release.xcconfig */,
			);
			path = Pods;
			sourceTree = "<group>";
		};
/* End PBXGroup section */

/* Begin PBXNativeTarget section */
		34052E8D2383DD9700F6E044 /* MobileSwiftProject */ = {
			isa = PBXNativeTarget;
			buildConfigurationList = 34052EB82383DD9900F6E044 /* Build configuration list for PBXNativeTarget "MobileSwiftProject" */;
			buildPhases = (
				F6038EAE91A2C287AAF6D5C4 /* [CP] Check Pods Manifest.lock */,
				34052E8A2383DD9700F6E044 /* Sources */,
				34052E8B2383DD9700F6E044 /* Frameworks */,
				34052E8C2383DD9700F6E044 /* Resources */,
				5EEFA3ED0FFB678E26E38AB1 /* [CP] Embed Pods Frameworks */,
			);
			buildRules = (
			);
			dependencies = (
			);
			name = MobileSwiftProject;
			productName = MobileSwiftProject;
			productReference = 34052E8E2383DD9700F6E044 /* MobileSwiftProject.app */;
			productType = "com.apple.product-type.application";
		};
		34052EA32383DD9900F6E044 /* MobileSwiftProjectTests */ = {
			isa = PBXNativeTarget;
			buildConfigurationList = 34052EBB2383DD9900F6E044 /* Build configuration list for PBXNativeTarget "MobileSwiftProjectTests" */;
			buildPhases = (
				34052EA02383DD9900F6E044 /* Sources */,
				34052EA12383DD9900F6E044 /* Frameworks */,
				34052EA22383DD9900F6E044 /* Resources */,
			);
			buildRules = (
			);
			dependencies = (
				34052EA62383DD9900F6E044 /* PBXTargetDependency */,
			);
			name = MobileSwiftProjectTests;
			productName = MobileSwiftProjectTests;
			productReference = 34052EA42383DD9900F6E044 /* MobileSwiftProjectTests.xctest */;
			productType = "com.apple.product-type.bundle.unit-test";
		};
		34052EAE2383DD9900F6E044 /* MobileSwiftProjectUITests */ = {
			isa = PBXNativeTarget;
			buildConfigurationList = 34052EBE2383DD9900F6E044 /* Build configuration list for PBXNativeTarget "MobileSwiftProjectUITests" */;
			buildPhases = (
				34052EAB2383DD9900F6E044 /* Sources */,
				34052EAC2383DD9900F6E044 /* Frameworks */,
				34052EAD2383DD9900F6E044 /* Resources */,
			);
			buildRules = (
			);
			dependencies = (
				34052EB12383DD9900F6E044 /* PBXTargetDependency */,
			);
			name = MobileSwiftProjectUITests;
			productName = MobileSwiftProjectUITests;
			productReference = 34052EAF2383DD9900F6E044 /* MobileSwiftProjectUITests.xctest */;
			productType = "com.apple.product-type.bundle.ui-testing";
		};
/* End PBXNativeTarget section */

/* Begin PBXProject section */
		34052E862383DD9700F6E044 /* Project object */ = {
			isa = PBXProject;
			attributes = {
				LastSwiftUpdateCheck = 1100;
				LastUpgradeCheck = 1100;
				ORGANIZATIONNAME = com.sdms;
				TargetAttributes = {
					34052E8D2383DD9700F6E044 = {
						CreatedOnToolsVersion = 11.0;
					};
					34052EA32383DD9900F6E044 = {
						CreatedOnToolsVersion = 11.0;
						TestTargetID = 34052E8D2383DD9700F6E044;
					};
					34052EAE2383DD9900F6E044 = {
						CreatedOnToolsVersion = 11.0;
						TestTargetID = 34052E8D2383DD9700F6E044;
					};
				};
			};
			buildConfigurationList = 34052E892383DD9700F6E044 /* Build configuration list for PBXProject "MobileSwiftProject" */;
			compatibilityVersion = "Xcode 9.3";
			developmentRegion = en;
			hasScannedForEncodings = 0;
			knownRegions = (
				en,
				Base,
			);
			mainGroup = 34052E852383DD9700F6E044;
			productRefGroup = 34052E8F2383DD9700F6E044 /* Products */;
			projectDirPath = "";
			projectRoot = "";
			targets = (
				34052E8D2383DD9700F6E044 /* MobileSwiftProject */,
				34052EA32383DD9900F6E044 /* MobileSwiftProjectTests */,
				34052EAE2383DD9900F6E044 /* MobileSwiftProjectUITests */,
			);
		};
/* End PBXProject section */

/* Begin PBXResourcesBuildPhase section */
		34052E8C2383DD9700F6E044 /* Resources */ = {
			isa = PBXResourcesBuildPhase;
			buildActionMask = 2147483647;
			files = (
				34052E9E2383DD9900F6E044 /* LaunchScreen.storyboard in Resources */,
				34052E9B2383DD9900F6E044 /* Preview Assets.xcassets in Resources */,
				34052E982383DD9900F6E044 /* Assets.xcassets in Resources */,
			);
			runOnlyForDeploymentPostprocessing = 0;
		};
		34052EA22383DD9900F6E044 /* Resources */ = {
			isa = PBXResourcesBuildPhase;
			buildActionMask = 2147483647;
			files = (
			);
			runOnlyForDeploymentPostprocessing = 0;
		};
		34052EAD2383DD9900F6E044 /* Resources */ = {
			isa = PBXResourcesBuildPhase;
			buildActionMask = 2147483647;
			files = (
			);
			runOnlyForDeploymentPostprocessing = 0;
		};
/* End PBXResourcesBuildPhase section */

/* Begin PBXShellScriptBuildPhase section */
		5EEFA3ED0FFB678E26E38AB1 /* [CP] Embed Pods Frameworks */ = {
			isa = PBXShellScriptBuildPhase;
			buildActionMask = 2147483647;
			files = (
			);
			inputFileListPaths = (
			);
			inputPaths = (
				"${PODS_ROOT}/Target Support Files/Pods-MobileSwiftProject/Pods-MobileSwiftProject-frameworks.sh",
				"${BUILT_PRODUCTS_DIR}/Alamofire/Alamofire.framework",
				"${BUILT_PRODUCTS_DIR}/Kingfisher/Kingfisher.framework",
				"${BUILT_PRODUCTS_DIR}/Moya/Moya.framework",
				"${BUILT_PRODUCTS_DIR}/Result/Result.framework",
				"${BUILT_PRODUCTS_DIR}/SnapKit/SnapKit.framework",
				"${BUILT_PRODUCTS_DIR}/SwifterSwift/SwifterSwift.framework",
				"${BUILT_PRODUCTS_DIR}/SwiftyJSON/SwiftyJSON.framework",
			);
			name = "[CP] Embed Pods Frameworks";
			outputFileListPaths = (
			);
			outputPaths = (
				"${TARGET_BUILD_DIR}/${FRAMEWORKS_FOLDER_PATH}/Alamofire.framework",
				"${TARGET_BUILD_DIR}/${FRAMEWORKS_FOLDER_PATH}/Kingfisher.framework",
				"${TARGET_BUILD_DIR}/${FRAMEWORKS_FOLDER_PATH}/Moya.framework",
				"${TARGET_BUILD_DIR}/${FRAMEWORKS_FOLDER_PATH}/Result.framework",
				"${TARGET_BUILD_DIR}/${FRAMEWORKS_FOLDER_PATH}/SnapKit.framework",
				"${TARGET_BUILD_DIR}/${FRAMEWORKS_FOLDER_PATH}/SwifterSwift.framework",
				"${TARGET_BUILD_DIR}/${FRAMEWORKS_FOLDER_PATH}/SwiftyJSON.framework",
			);
			runOnlyForDeploymentPostprocessing = 0;
			shellPath = /bin/sh;
			shellScript = "\"${PODS_ROOT}/Target Support Files/Pods-MobileSwiftProject/Pods-MobileSwiftProject-frameworks.sh\"\n";
			showEnvVarsInLog = 0;
		};
		F6038EAE91A2C287AAF6D5C4 /* [CP] Check Pods Manifest.lock */ = {
			isa = PBXShellScriptBuildPhase;
			buildActionMask = 2147483647;
			files = (
			);
			inputFileListPaths = (
			);
			inputPaths = (
				"${PODS_PODFILE_DIR_PATH}/Podfile.lock",
				"${PODS_ROOT}/Manifest.lock",
			);
			name = "[CP] Check Pods Manifest.lock";
			outputFileListPaths = (
			);
			outputPaths = (
				"$(DERIVED_FILE_DIR)/Pods-MobileSwiftProject-checkManifestLockResult.txt",
			);
			runOnlyForDeploymentPostprocessing = 0;
			shellPath = /bin/sh;
			shellScript = "diff \"${PODS_PODFILE_DIR_PATH}/Podfile.lock\" \"${PODS_ROOT}/Manifest.lock\" > /dev/null\nif [ $? != 0 ] ; then\n    # print error to STDERR\n    echo \"error: The sandbox is not in sync with the Podfile.lock. Run 'pod install' or update your CocoaPods installation.\" >&2\n    exit 1\nfi\n# This output is used by Xcode 'outputs' to avoid re-running this script phase.\necho \"SUCCESS\" > \"${SCRIPT_OUTPUT_FILE_0}\"\n";
			showEnvVarsInLog = 0;
		};
/* End PBXShellScriptBuildPhase section */

/* Begin PBXSourcesBuildPhase section */
		34052E8A2383DD9700F6E044 /* Sources */ = {
			isa = PBXSourcesBuildPhase;
			buildActionMask = 2147483647;
			files = (
				340873C52390AA1C00E36C02 /* MVPSnapKitViewController.swift in Sources */,
				34052EC82383EC8500F6E044 /* MVPHomeTableViewCell.swift in Sources */,
				34052E922383DD9700F6E044 /* AppDelegate.swift in Sources */,
				341040AA238546D1003AAE57 /* MVPKeyWordViewController.swift in Sources */,
				34052EC52383E86E00F6E044 /* MVPHomeViewController.swift in Sources */,
				34052E942383DD9700F6E044 /* SceneDelegate.swift in Sources */,
				345F9143238D1B0800F768D9 /* MVPNotificationCenterHelper.swift in Sources */,
				34052E962383DD9700F6E044 /* ContentView.swift in Sources */,
				341040AE23854717003AAE57 /* MVPAsHelper.swift in Sources */,
			);
			runOnlyForDeploymentPostprocessing = 0;
		};
		34052EA02383DD9900F6E044 /* Sources */ = {
			isa = PBXSourcesBuildPhase;
			buildActionMask = 2147483647;
			files = (
				34052EA92383DD9900F6E044 /* MobileSwiftProjectTests.swift in Sources */,
			);
			runOnlyForDeploymentPostprocessing = 0;
		};
		34052EAB2383DD9900F6E044 /* Sources */ = {
			isa = PBXSourcesBuildPhase;
			buildActionMask = 2147483647;
			files = (
				34052EB42383DD9900F6E044 /* MobileSwiftProjectUITests.swift in Sources */,
			);
			runOnlyForDeploymentPostprocessing = 0;
		};
/* End PBXSourcesBuildPhase section */

/* Begin PBXTargetDependency section */
		34052EA62383DD9900F6E044 /* PBXTargetDependency */ = {
			isa = PBXTargetDependency;
			target = 34052E8D2383DD9700F6E044 /* MobileSwiftProject */;
			targetProxy = 34052EA52383DD9900F6E044 /* PBXContainerItemProxy */;
		};
		34052EB12383DD9900F6E044 /* PBXTargetDependency */ = {
			isa = PBXTargetDependency;
			target = 34052E8D2383DD9700F6E044 /* MobileSwiftProject */;
			targetProxy = 34052EB02383DD9900F6E044 /* PBXContainerItemProxy */;
		};
/* End PBXTargetDependency section */

/* Begin PBXVariantGroup section */
		34052E9C2383DD9900F6E044 /* LaunchScreen.storyboard */ = {
			isa = PBXVariantGroup;
			children = (
				34052E9D2383DD9900F6E044 /* Base */,
			);
			name = LaunchScreen.storyboard;
			sourceTree = "<group>";
		};
/* End PBXVariantGroup section */

/* Begin XCBuildConfiguration section */
		34052EB62383DD9900F6E044 /* Debug */ = {
			isa = XCBuildConfiguration;
			buildSettings = {
				ALWAYS_SEARCH_USER_PATHS = NO;
				CLANG_ANALYZER_NONNULL = YES;
				CLANG_ANALYZER_NUMBER_OBJECT_CONVERSION = YES_AGGRESSIVE;
				CLANG_CXX_LANGUAGE_STANDARD = "gnu++14";
				CLANG_CXX_LIBRARY = "libc++";
				CLANG_ENABLE_MODULES = YES;
				CLANG_ENABLE_OBJC_ARC = YES;
				CLANG_ENABLE_OBJC_WEAK = YES;
				CLANG_WARN_BLOCK_CAPTURE_AUTORELEASING = YES;
				CLANG_WARN_BOOL_CONVERSION = YES;
				CLANG_WARN_COMMA = YES;
				CLANG_WARN_CONSTANT_CONVERSION = YES;
				CLANG_WARN_DEPRECATED_OBJC_IMPLEMENTATIONS = YES;
				CLANG_WARN_DIRECT_OBJC_ISA_USAGE = YES_ERROR;
				CLANG_WARN_DOCUMENTATION_COMMENTS = YES;
				CLANG_WARN_EMPTY_BODY = YES;
				CLANG_WARN_ENUM_CONVERSION = YES;
				CLANG_WARN_INFINITE_RECURSION = YES;
				CLANG_WARN_INT_CONVERSION = YES;
				CLANG_WARN_NON_LITERAL_NULL_CONVERSION = YES;
				CLANG_WARN_OBJC_IMPLICIT_RETAIN_SELF = YES;
				CLANG_WARN_OBJC_LITERAL_CONVERSION = YES;
				CLANG_WARN_OBJC_ROOT_CLASS = YES_ERROR;
				CLANG_WARN_RANGE_LOOP_ANALYSIS = YES;
				CLANG_WARN_STRICT_PROTOTYPES = YES;
				CLANG_WARN_SUSPICIOUS_MOVE = YES;
				CLANG_WARN_UNGUARDED_AVAILABILITY = YES_AGGRESSIVE;
				CLANG_WARN_UNREACHABLE_CODE = YES;
				CLANG_WARN__DUPLICATE_METHOD_MATCH = YES;
				COPY_PHASE_STRIP = NO;
				DEBUG_INFORMATION_FORMAT = dwarf;
				ENABLE_STRICT_OBJC_MSGSEND = YES;
				ENABLE_TESTABILITY = YES;
				GCC_C_LANGUAGE_STANDARD = gnu11;
				GCC_DYNAMIC_NO_PIC = NO;
				GCC_NO_COMMON_BLOCKS = YES;
				GCC_OPTIMIZATION_LEVEL = 0;
				GCC_PREPROCESSOR_DEFINITIONS = (
					"DEBUG=1",
					"$(inherited)",
				);
				GCC_WARN_64_TO_32_BIT_CONVERSION = YES;
				GCC_WARN_ABOUT_RETURN_TYPE = YES_ERROR;
				GCC_WARN_UNDECLARED_SELECTOR = YES;
				GCC_WARN_UNINITIALIZED_AUTOS = YES_AGGRESSIVE;
				GCC_WARN_UNUSED_FUNCTION = YES;
				GCC_WARN_UNUSED_VARIABLE = YES;
				IPHONEOS_DEPLOYMENT_TARGET = 13.0;
				MTL_ENABLE_DEBUG_INFO = INCLUDE_SOURCE;
				MTL_FAST_MATH = YES;
				ONLY_ACTIVE_ARCH = YES;
				SDKROOT = iphoneos;
				SWIFT_ACTIVE_COMPILATION_CONDITIONS = DEBUG;
				SWIFT_OPTIMIZATION_LEVEL = "-Onone";
			};
			name = Debug;
		};
		34052EB72383DD9900F6E044 /* Release */ = {
			isa = XCBuildConfiguration;
			buildSettings = {
				ALWAYS_SEARCH_USER_PATHS = NO;
				CLANG_ANALYZER_NONNULL = YES;
				CLANG_ANALYZER_NUMBER_OBJECT_CONVERSION = YES_AGGRESSIVE;
				CLANG_CXX_LANGUAGE_STANDARD = "gnu++14";
				CLANG_CXX_LIBRARY = "libc++";
				CLANG_ENABLE_MODULES = YES;
				CLANG_ENABLE_OBJC_ARC = YES;
				CLANG_ENABLE_OBJC_WEAK = YES;
				CLANG_WARN_BLOCK_CAPTURE_AUTORELEASING = YES;
				CLANG_WARN_BOOL_CONVERSION = YES;
				CLANG_WARN_COMMA = YES;
				CLANG_WARN_CONSTANT_CONVERSION = YES;
				CLANG_WARN_DEPRECATED_OBJC_IMPLEMENTATIONS = YES;
				CLANG_WARN_DIRECT_OBJC_ISA_USAGE = YES_ERROR;
				CLANG_WARN_DOCUMENTATION_COMMENTS = YES;
				CLANG_WARN_EMPTY_BODY = YES;
				CLANG_WARN_ENUM_CONVERSION = YES;
				CLANG_WARN_INFINITE_RECURSION = YES;
				CLANG_WARN_INT_CONVERSION = YES;
				CLANG_WARN_NON_LITERAL_NULL_CONVERSION = YES;
				CLANG_WARN_OBJC_IMPLICIT_RETAIN_SELF = YES;
				CLANG_WARN_OBJC_LITERAL_CONVERSION = YES;
				CLANG_WARN_OBJC_ROOT_CLASS = YES_ERROR;
				CLANG_WARN_RANGE_LOOP_ANALYSIS = YES;
				CLANG_WARN_STRICT_PROTOTYPES = YES;
				CLANG_WARN_SUSPICIOUS_MOVE = YES;
				CLANG_WARN_UNGUARDED_AVAILABILITY = YES_AGGRESSIVE;
				CLANG_WARN_UNREACHABLE_CODE = YES;
				CLANG_WARN__DUPLICATE_METHOD_MATCH = YES;
				COPY_PHASE_STRIP = NO;
				DEBUG_INFORMATION_FORMAT = "dwarf-with-dsym";
				ENABLE_NS_ASSERTIONS = NO;
				ENABLE_STRICT_OBJC_MSGSEND = YES;
				GCC_C_LANGUAGE_STANDARD = gnu11;
				GCC_NO_COMMON_BLOCKS = YES;
				GCC_WARN_64_TO_32_BIT_CONVERSION = YES;
				GCC_WARN_ABOUT_RETURN_TYPE = YES_ERROR;
				GCC_WARN_UNDECLARED_SELECTOR = YES;
				GCC_WARN_UNINITIALIZED_AUTOS = YES_AGGRESSIVE;
				GCC_WARN_UNUSED_FUNCTION = YES;
				GCC_WARN_UNUSED_VARIABLE = YES;
				IPHONEOS_DEPLOYMENT_TARGET = 13.0;
				MTL_ENABLE_DEBUG_INFO = NO;
				MTL_FAST_MATH = YES;
				SDKROOT = iphoneos;
				SWIFT_COMPILATION_MODE = wholemodule;
				SWIFT_OPTIMIZATION_LEVEL = "-O";
				VALIDATE_PRODUCT = YES;
			};
			name = Release;
		};
		34052EB92383DD9900F6E044 /* Debug */ = {
			isa = XCBuildConfiguration;
			baseConfigurationReference = 399281005E19D63B90F3DA60 /* Pods-MobileSwiftProject.debug.xcconfig */;
			buildSettings = {
				ASSETCATALOG_COMPILER_APPICON_NAME = AppIcon;
				CODE_SIGN_STYLE = Automatic;
				DEVELOPMENT_ASSET_PATHS = "\"MobileSwiftProject/Preview Content\"";
				ENABLE_PREVIEWS = YES;
				INFOPLIST_FILE = MobileSwiftProject/Info.plist;
				LD_RUNPATH_SEARCH_PATHS = (
					"$(inherited)",
					"@executable_path/Frameworks",
				);
				PRODUCT_BUNDLE_IDENTIFIER = com.china.MobileSwiftProject;
				PRODUCT_NAME = "$(TARGET_NAME)";
				SWIFT_VERSION = 5.0;
				TARGETED_DEVICE_FAMILY = "1,2";
			};
			name = Debug;
		};
		34052EBA2383DD9900F6E044 /* Release */ = {
			isa = XCBuildConfiguration;
			baseConfigurationReference = CC9216FCE9EA114BD2343309 /* Pods-MobileSwiftProject.release.xcconfig */;
			buildSettings = {
				ASSETCATALOG_COMPILER_APPICON_NAME = AppIcon;
				CODE_SIGN_STYLE = Automatic;
				DEVELOPMENT_ASSET_PATHS = "\"MobileSwiftProject/Preview Content\"";
				ENABLE_PREVIEWS = YES;
				INFOPLIST_FILE = MobileSwiftProject/Info.plist;
				LD_RUNPATH_SEARCH_PATHS = (
					"$(inherited)",
					"@executable_path/Frameworks",
				);
				PRODUCT_BUNDLE_IDENTIFIER = com.china.MobileSwiftProject;
				PRODUCT_NAME = "$(TARGET_NAME)";
				SWIFT_VERSION = 5.0;
				TARGETED_DEVICE_FAMILY = "1,2";
			};
			name = Release;
		};
		34052EBC2383DD9900F6E044 /* Debug */ = {
			isa = XCBuildConfiguration;
			buildSettings = {
				ALWAYS_EMBED_SWIFT_STANDARD_LIBRARIES = YES;
				BUNDLE_LOADER = "$(TEST_HOST)";
				CODE_SIGN_STYLE = Automatic;
				INFOPLIST_FILE = MobileSwiftProjectTests/Info.plist;
				IPHONEOS_DEPLOYMENT_TARGET = 13.0;
				LD_RUNPATH_SEARCH_PATHS = (
					"$(inherited)",
					"@executable_path/Frameworks",
					"@loader_path/Frameworks",
				);
				PRODUCT_BUNDLE_IDENTIFIER = com.china.MobileSwiftProjectTests;
				PRODUCT_NAME = "$(TARGET_NAME)";
				SWIFT_VERSION = 5.0;
				TARGETED_DEVICE_FAMILY = "1,2";
				TEST_HOST = "$(BUILT_PRODUCTS_DIR)/MobileSwiftProject.app/MobileSwiftProject";
			};
			name = Debug;
		};
		34052EBD2383DD9900F6E044 /* Release */ = {
			isa = XCBuildConfiguration;
			buildSettings = {
				ALWAYS_EMBED_SWIFT_STANDARD_LIBRARIES = YES;
				BUNDLE_LOADER = "$(TEST_HOST)";
				CODE_SIGN_STYLE = Automatic;
				INFOPLIST_FILE = MobileSwiftProjectTests/Info.plist;
				IPHONEOS_DEPLOYMENT_TARGET = 13.0;
				LD_RUNPATH_SEARCH_PATHS = (
					"$(inherited)",
					"@executable_path/Frameworks",
					"@loader_path/Frameworks",
				);
				PRODUCT_BUNDLE_IDENTIFIER = com.china.MobileSwiftProjectTests;
				PRODUCT_NAME = "$(TARGET_NAME)";
				SWIFT_VERSION = 5.0;
				TARGETED_DEVICE_FAMILY = "1,2";
				TEST_HOST = "$(BUILT_PRODUCTS_DIR)/MobileSwiftProject.app/MobileSwiftProject";
			};
			name = Release;
		};
		34052EBF2383DD9900F6E044 /* Debug */ = {
			isa = XCBuildConfiguration;
			buildSettings = {
				ALWAYS_EMBED_SWIFT_STANDARD_LIBRARIES = YES;
				CODE_SIGN_STYLE = Automatic;
				INFOPLIST_FILE = MobileSwiftProjectUITests/Info.plist;
				LD_RUNPATH_SEARCH_PATHS = (
					"$(inherited)",
					"@executable_path/Frameworks",
					"@loader_path/Frameworks",
				);
				PRODUCT_BUNDLE_IDENTIFIER = com.china.MobileSwiftProjectUITests;
				PRODUCT_NAME = "$(TARGET_NAME)";
				SWIFT_VERSION = 5.0;
				TARGETED_DEVICE_FAMILY = "1,2";
				TEST_TARGET_NAME = MobileSwiftProject;
			};
			name = Debug;
		};
		34052EC02383DD9900F6E044 /* Release */ = {
			isa = XCBuildConfiguration;
			buildSettings = {
				ALWAYS_EMBED_SWIFT_STANDARD_LIBRARIES = YES;
				CODE_SIGN_STYLE = Automatic;
				INFOPLIST_FILE = MobileSwiftProjectUITests/Info.plist;
				LD_RUNPATH_SEARCH_PATHS = (
					"$(inherited)",
					"@executable_path/Frameworks",
					"@loader_path/Frameworks",
				);
				PRODUCT_BUNDLE_IDENTIFIER = com.china.MobileSwiftProjectUITests;
				PRODUCT_NAME = "$(TARGET_NAME)";
				SWIFT_VERSION = 5.0;
				TARGETED_DEVICE_FAMILY = "1,2";
				TEST_TARGET_NAME = MobileSwiftProject;
			};
			name = Release;
		};
/* End XCBuildConfiguration section */

/* Begin XCConfigurationList section */
		34052E892383DD9700F6E044 /* Build configuration list for PBXProject "MobileSwiftProject" */ = {
			isa = XCConfigurationList;
			buildConfigurations = (
				34052EB62383DD9900F6E044 /* Debug */,
				34052EB72383DD9900F6E044 /* Release */,
			);
			defaultConfigurationIsVisible = 0;
			defaultConfigurationName = Release;
		};
		34052EB82383DD9900F6E044 /* Build configuration list for PBXNativeTarget "MobileSwiftProject" */ = {
			isa = XCConfigurationList;
			buildConfigurations = (
				34052EB92383DD9900F6E044 /* Debug */,
				34052EBA2383DD9900F6E044 /* Release */,
			);
			defaultConfigurationIsVisible = 0;
			defaultConfigurationName = Release;
		};
		34052EBB2383DD9900F6E044 /* Build configuration list for PBXNativeTarget "MobileSwiftProjectTests" */ = {
			isa = XCConfigurationList;
			buildConfigurations = (
				34052EBC2383DD9900F6E044 /* Debug */,
				34052EBD2383DD9900F6E044 /* Release */,
			);
			defaultConfigurationIsVisible = 0;
			defaultConfigurationName = Release;
		};
		34052EBE2383DD9900F6E044 /* Build configuration list for PBXNativeTarget "MobileSwiftProjectUITests" */ = {
			isa = XCConfigurationList;
			buildConfigurations = (
				34052EBF2383DD9900F6E044 /* Debug */,
				34052EC02383DD9900F6E044 /* Release */,
			);
			defaultConfigurationIsVisible = 0;
			defaultConfigurationName = Release;
		};
/* End XCConfigurationList section */
	};
	rootObject = 34052E862383DD9700F6E044 /* Project object */;
}
